
Microsoft Visual Studio Solution File, Format Version 12.00
# Visual Studio Version 16
VisualStudioVersion = 16.0.30621.155
MinimumVisualStudioVersion = 10.0.40219.1
Project("{9A19103F-16F7-4668-BE54-9A1E7A4F7556}") = "Sumy", "Sumy\Sumy.csproj", "{33BFDB97-0573-4C30-8D5F-8AC5C1E5D039}"
EndProject
Project("{FAE04EC0-301F-11D3-BF4B-00C04F79EFBC}") = "LiczbyZnaczace", "LiczbyZnaczace\LiczbyZnaczace.csproj", "{8E931BB7-9040-40E7-9782-D6A79577433B}"
EndProject
Project("{9A19103F-16F7-4668-BE54-9A1E7A4F7556}") = "LENLCS1", "LENLCS1\LENLCS1.csproj", "{2B01A19C-0C4A-435E-A499-B17B93285DB2}"
EndProject
Project("{9A19103F-16F7-4668-BE54-9A1E7A4F7556}") = "SredniaArytmetyczna", "SredniaArytmetyczna\SredniaArytmetyczna.csproj", "{FDAD88A7-7737-48E6-9908-F453F847D997}"
EndProject
Project("{9A19103F-16F7-4668-BE54-9A1E7A4F7556}") = "RownanieLiniowe", "RownanieLiniowe\RownanieLiniowe.csproj", "{B9861A22-70BA-4080-BB10-9834404197E1}"
EndProject
Project("{9A19103F-16F7-4668-BE54-9A1E7A4F7556}") = "TransponowanieMacierzy", "TransponowanieMacierzy\TransponowanieMacierzy.csproj", "{162F5313-7872-496C-A4F9-E4A419D7222F}"
EndProject
Project("{9A19103F-16F7-4668-BE54-9A1E7A4F7556}") = "Kalkulator", "Kalkulator\Kalkulator.csproj", "{CA31F925-A5C1-4E4B-8654-233EE42693AE}"
EndProject
Project("{9A19103F-16F7-4668-BE54-9A1E7A4F7556}") = "ParzysteNieparzyste", "ParzysteNieparzyste\ParzysteNieparzyste.csproj", "{47F80006-27E0-4BC3-87AF-5C395C5F7952}"
EndProject
Project("{9A19103F-16F7-4668-BE54-9A1E7A4F7556}") = "Pesel", "Pesel\Pesel.csproj", "{97EFAA18-890D-49AB-962C-2B081A1028E2}"
EndProject
Project("{9A19103F-16F7-4668-BE54-9A1E7A4F7556}") = "Polowa", "Polowa\Polowa.csproj", "{584E7EE5-3913-4748-8ABC-E7E09019BAF6}"
EndProject
Project("{9A19103F-16F7-4668-BE54-9A1E7A4F7556}") = "PredkoscSrednia", "PredkoscSrednia\PredkoscSrednia.csproj", "{E6902AFE-DB54-4DDB-AF1C-9ED544A3C192}"
EndProject
Project("{9A19103F-16F7-4668-BE54-9A1E7A4F7556}") = "MniejszeNiz", "NotSoFastMultiplication\MniejszeNiz.csproj", "{7EC5010D-673F-48A8-947C-1F59DD41E636}"
EndProject
Project("{9A19103F-16F7-4668-BE54-9A1E7A4F7556}") = "Dodawanie", "CwanyLutek\Dodawanie.csproj", "{888F66B8-1A9E-4AC6-8679-8F84ECA0B2F5}"
EndProject
Project("{9A19103F-16F7-4668-BE54-9A1E7A4F7556}") = "OstatniaNiezerowaCyfraSilni", "OstatniaNiezerowaCyfraSilni\OstatniaNiezerowaCyfraSilni.csproj", "{288C058D-FF87-455D-B28D-9C8B21DA3E71}"
EndProject
Project("{9A19103F-16F7-4668-BE54-9A1E7A4F7556}") = "SimpleNumbersConversion", "SimpleNumbersConversion\SimpleNumbersConversion.csproj", "{B24A3AB2-718D-4AB4-8287-658CC15BAEEA}"
EndProject
Project("{9A19103F-16F7-4668-BE54-9A1E7A4F7556}") = "SiecCzystoSwiatlowodowa", "PreczZKomentarzami\SiecCzystoSwiatlowodowa.csproj", "{51654041-62DC-43BB-95D9-46E72DD1E1ED}"
EndProject
Project("{9A19103F-16F7-4668-BE54-9A1E7A4F7556}") = "KtoraWieksza", "KtoraWieksza\KtoraWieksza.csproj", "{9DE76160-F695-4105-9016-A91A4AB6E403}"
EndProject
Project("{FAE04EC0-301F-11D3-BF4B-00C04F79EFBC}") = "ZliczaczLiter", "ZliczaczLiter\ZliczaczLiter.csproj", "{08F38165-7A0C-41EB-9E40-F5C967139B0E}"
EndProject
Project("{FAE04EC0-301F-11D3-BF4B-00C04F79EFBC}") = "NowaDzialka", "NowaDzialka\NowaDzialka.csproj", "{73A2499B-6B87-48A1-B66F-1ED2A5E138C9}"
EndProject
Project("{FAE04EC0-301F-11D3-BF4B-00C04F79EFBC}") = "Podzielnosc", "Podzielnosc\Podzielnosc.csproj", "{CAD0EDE1-D50D-46D6-8876-DA8899AC4BB2}"
EndProject
Project("{FAE04EC0-301F-11D3-BF4B-00C04F79EFBC}") = "Suma", "Suma\Suma.csproj", "{C8649BC5-6F57-44DB-B8BB-A8AD4DC7F226}"
EndProject
Project("{FAE04EC0-301F-11D3-BF4B-00C04F79EFBC}") = "ZadanieProbne", "ZadanieProbne\ZadanieProbne.csproj", "{B5497F93-8DE4-4185-B92A-20A5E11FB967}"
EndProject
Project("{FAE04EC0-301F-11D3-BF4B-00C04F79EFBC}") = "Imieniny", "Imieniny\Imieniny.csproj", "{E079FDCA-602B-43CE-A486-34A8D13C1F44}"
EndProject
Global
	GlobalSection(SolutionConfigurationPlatforms) = preSolution
		Debug|Any CPU = Debug|Any CPU
		Debug|ARM = Debug|ARM
		Debug|ARM64 = Debug|ARM64
		Debug|x64 = Debug|x64
		Debug|x86 = Debug|x86
		Release|Any CPU = Release|Any CPU
		Release|ARM = Release|ARM
		Release|ARM64 = Release|ARM64
		Release|x64 = Release|x64
		Release|x86 = Release|x86
	EndGlobalSection
	GlobalSection(ProjectConfigurationPlatforms) = postSolution
		{33BFDB97-0573-4C30-8D5F-8AC5C1E5D039}.Debug|Any CPU.ActiveCfg = Debug|Any CPU
		{33BFDB97-0573-4C30-8D5F-8AC5C1E5D039}.Debug|Any CPU.Build.0 = Debug|Any CPU
		{33BFDB97-0573-4C30-8D5F-8AC5C1E5D039}.Debug|ARM.ActiveCfg = Debug|Any CPU
		{33BFDB97-0573-4C30-8D5F-8AC5C1E5D039}.Debug|ARM.Build.0 = Debug|Any CPU
		{33BFDB97-0573-4C30-8D5F-8AC5C1E5D039}.Debug|ARM64.ActiveCfg = Debug|Any CPU
		{33BFDB97-0573-4C30-8D5F-8AC5C1E5D039}.Debug|ARM64.Build.0 = Debug|Any CPU
		{33BFDB97-0573-4C30-8D5F-8AC5C1E5D039}.Debug|x64.ActiveCfg = Debug|Any CPU
		{33BFDB97-0573-4C30-8D5F-8AC5C1E5D039}.Debug|x64.Build.0 = Debug|Any CPU
		{33BFDB97-0573-4C30-8D5F-8AC5C1E5D039}.Debug|x86.ActiveCfg = Debug|Any CPU
		{33BFDB97-0573-4C30-8D5F-8AC5C1E5D039}.Debug|x86.Build.0 = Debug|Any CPU
		{33BFDB97-0573-4C30-8D5F-8AC5C1E5D039}.Release|Any CPU.ActiveCfg = Release|Any CPU
		{33BFDB97-0573-4C30-8D5F-8AC5C1E5D039}.Release|Any CPU.Build.0 = Release|Any CPU
		{33BFDB97-0573-4C30-8D5F-8AC5C1E5D039}.Release|ARM.ActiveCfg = Release|Any CPU
		{33BFDB97-0573-4C30-8D5F-8AC5C1E5D039}.Release|ARM.Build.0 = Release|Any CPU
		{33BFDB97-0573-4C30-8D5F-8AC5C1E5D039}.Release|ARM64.ActiveCfg = Release|Any CPU
		{33BFDB97-0573-4C30-8D5F-8AC5C1E5D039}.Release|ARM64.Build.0 = Release|Any CPU
		{33BFDB97-0573-4C30-8D5F-8AC5C1E5D039}.Release|x64.ActiveCfg = Release|Any CPU
		{33BFDB97-0573-4C30-8D5F-8AC5C1E5D039}.Release|x64.Build.0 = Release|Any CPU
		{33BFDB97-0573-4C30-8D5F-8AC5C1E5D039}.Release|x86.ActiveCfg = Release|Any CPU
		{33BFDB97-0573-4C30-8D5F-8AC5C1E5D039}.Release|x86.Build.0 = Release|Any CPU
		{8E931BB7-9040-40E7-9782-D6A79577433B}.Debug|Any CPU.ActiveCfg = Debug|Any CPU
		{8E931BB7-9040-40E7-9782-D6A79577433B}.Debug|Any CPU.Build.0 = Debug|Any CPU
		{8E931BB7-9040-40E7-9782-D6A79577433B}.Debug|ARM.ActiveCfg = Debug|Any CPU
		{8E931BB7-9040-40E7-9782-D6A79577433B}.Debug|ARM.Build.0 = Debug|Any CPU
		{8E931BB7-9040-40E7-9782-D6A79577433B}.Debug|ARM64.ActiveCfg = Debug|Any CPU
		{8E931BB7-9040-40E7-9782-D6A79577433B}.Debug|ARM64.Build.0 = Debug|Any CPU
		{8E931BB7-9040-40E7-9782-D6A79577433B}.Debug|x64.ActiveCfg = Debug|Any CPU
		{8E931BB7-9040-40E7-9782-D6A79577433B}.Debug|x64.Build.0 = Debug|Any CPU
		{8E931BB7-9040-40E7-9782-D6A79577433B}.Debug|x86.ActiveCfg = Debug|Any CPU
		{8E931BB7-9040-40E7-9782-D6A79577433B}.Debug|x86.Build.0 = Debug|Any CPU
		{8E931BB7-9040-40E7-9782-D6A79577433B}.Release|Any CPU.ActiveCfg = Release|Any CPU
		{8E931BB7-9040-40E7-9782-D6A79577433B}.Release|Any CPU.Build.0 = Release|Any CPU
		{8E931BB7-9040-40E7-9782-D6A79577433B}.Release|ARM.ActiveCfg = Release|Any CPU
		{8E931BB7-9040-40E7-9782-D6A79577433B}.Release|ARM.Build.0 = Release|Any CPU
		{8E931BB7-9040-40E7-9782-D6A79577433B}.Release|ARM64.ActiveCfg = Release|Any CPU
		{8E931BB7-9040-40E7-9782-D6A79577433B}.Release|ARM64.Build.0 = Release|Any CPU
		{8E931BB7-9040-40E7-9782-D6A79577433B}.Release|x64.ActiveCfg = Release|Any CPU
		{8E931BB7-9040-40E7-9782-D6A79577433B}.Release|x64.Build.0 = Release|Any CPU
		{8E931BB7-9040-40E7-9782-D6A79577433B}.Release|x86.ActiveCfg = Release|Any CPU
		{8E931BB7-9040-40E7-9782-D6A79577433B}.Release|x86.Build.0 = Release|Any CPU
		{2B01A19C-0C4A-435E-A499-B17B93285DB2}.Debug|Any CPU.ActiveCfg = Debug|Any CPU
		{2B01A19C-0C4A-435E-A499-B17B93285DB2}.Debug|Any CPU.Build.0 = Debug|Any CPU
		{2B01A19C-0C4A-435E-A499-B17B93285DB2}.Debug|ARM.ActiveCfg = Debug|Any CPU
		{2B01A19C-0C4A-435E-A499-B17B93285DB2}.Debug|ARM.Build.0 = Debug|Any CPU
		{2B01A19C-0C4A-435E-A499-B17B93285DB2}.Debug|ARM64.ActiveCfg = Debug|Any CPU
		{2B01A19C-0C4A-435E-A499-B17B93285DB2}.Debug|ARM64.Build.0 = Debug|Any CPU
		{2B01A19C-0C4A-435E-A499-B17B93285DB2}.Debug|x64.ActiveCfg = Debug|Any CPU
		{2B01A19C-0C4A-435E-A499-B17B93285DB2}.Debug|x64.Build.0 = Debug|Any CPU
		{2B01A19C-0C4A-435E-A499-B17B93285DB2}.Debug|x86.ActiveCfg = Debug|Any CPU
		{2B01A19C-0C4A-435E-A499-B17B93285DB2}.Debug|x86.Build.0 = Debug|Any CPU
		{2B01A19C-0C4A-435E-A499-B17B93285DB2}.Release|Any CPU.ActiveCfg = Release|Any CPU
		{2B01A19C-0C4A-435E-A499-B17B93285DB2}.Release|Any CPU.Build.0 = Release|Any CPU
		{2B01A19C-0C4A-435E-A499-B17B93285DB2}.Release|ARM.ActiveCfg = Release|Any CPU
		{2B01A19C-0C4A-435E-A499-B17B93285DB2}.Release|ARM.Build.0 = Release|Any CPU
		{2B01A19C-0C4A-435E-A499-B17B93285DB2}.Release|ARM64.ActiveCfg = Release|Any CPU
		{2B01A19C-0C4A-435E-A499-B17B93285DB2}.Release|ARM64.Build.0 = Release|Any CPU
		{2B01A19C-0C4A-435E-A499-B17B93285DB2}.Release|x64.ActiveCfg = Release|Any CPU
		{2B01A19C-0C4A-435E-A499-B17B93285DB2}.Release|x64.Build.0 = Release|Any CPU
		{2B01A19C-0C4A-435E-A499-B17B93285DB2}.Release|x86.ActiveCfg = Release|Any CPU
		{2B01A19C-0C4A-435E-A499-B17B93285DB2}.Release|x86.Build.0 = Release|Any CPU
		{FDAD88A7-7737-48E6-9908-F453F847D997}.Debug|Any CPU.ActiveCfg = Debug|Any CPU
		{FDAD88A7-7737-48E6-9908-F453F847D997}.Debug|Any CPU.Build.0 = Debug|Any CPU
		{FDAD88A7-7737-48E6-9908-F453F847D997}.Debug|ARM.ActiveCfg = Debug|Any CPU
		{FDAD88A7-7737-48E6-9908-F453F847D997}.Debug|ARM.Build.0 = Debug|Any CPU
		{FDAD88A7-7737-48E6-9908-F453F847D997}.Debug|ARM64.ActiveCfg = Debug|Any CPU
		{FDAD88A7-7737-48E6-9908-F453F847D997}.Debug|ARM64.Build.0 = Debug|Any CPU
		{FDAD88A7-7737-48E6-9908-F453F847D997}.Debug|x64.ActiveCfg = Debug|Any CPU
		{FDAD88A7-7737-48E6-9908-F453F847D997}.Debug|x64.Build.0 = Debug|Any CPU
		{FDAD88A7-7737-48E6-9908-F453F847D997}.Debug|x86.ActiveCfg = Debug|Any CPU
		{FDAD88A7-7737-48E6-9908-F453F847D997}.Debug|x86.Build.0 = Debug|Any CPU
		{FDAD88A7-7737-48E6-9908-F453F847D997}.Release|Any CPU.ActiveCfg = Release|Any CPU
		{FDAD88A7-7737-48E6-9908-F453F847D997}.Release|Any CPU.Build.0 = Release|Any CPU
		{FDAD88A7-7737-48E6-9908-F453F847D997}.Release|ARM.ActiveCfg = Release|Any CPU
		{FDAD88A7-7737-48E6-9908-F453F847D997}.Release|ARM.Build.0 = Release|Any CPU
		{FDAD88A7-7737-48E6-9908-F453F847D997}.Release|ARM64.ActiveCfg = Release|Any CPU
		{FDAD88A7-7737-48E6-9908-F453F847D997}.Release|ARM64.Build.0 = Release|Any CPU
		{FDAD88A7-7737-48E6-9908-F453F847D997}.Release|x64.ActiveCfg = Release|Any CPU
		{FDAD88A7-7737-48E6-9908-F453F847D997}.Release|x64.Build.0 = Release|Any CPU
		{FDAD88A7-7737-48E6-9908-F453F847D997}.Release|x86.ActiveCfg = Release|Any CPU
		{FDAD88A7-7737-48E6-9908-F453F847D997}.Release|x86.Build.0 = Release|Any CPU
		{B9861A22-70BA-4080-BB10-9834404197E1}.Debug|Any CPU.ActiveCfg = Debug|Any CPU
		{B9861A22-70BA-4080-BB10-9834404197E1}.Debug|Any CPU.Build.0 = Debug|Any CPU
		{B9861A22-70BA-4080-BB10-9834404197E1}.Debug|ARM.ActiveCfg = Debug|Any CPU
		{B9861A22-70BA-4080-BB10-9834404197E1}.Debug|ARM.Build.0 = Debug|Any CPU
		{B9861A22-70BA-4080-BB10-9834404197E1}.Debug|ARM64.ActiveCfg = Debug|Any CPU
		{B9861A22-70BA-4080-BB10-9834404197E1}.Debug|ARM64.Build.0 = Debug|Any CPU
		{B9861A22-70BA-4080-BB10-9834404197E1}.Debug|x64.ActiveCfg = Debug|Any CPU
		{B9861A22-70BA-4080-BB10-9834404197E1}.Debug|x64.Build.0 = Debug|Any CPU
		{B9861A22-70BA-4080-BB10-9834404197E1}.Debug|x86.ActiveCfg = Debug|Any CPU
		{B9861A22-70BA-4080-BB10-9834404197E1}.Debug|x86.Build.0 = Debug|Any CPU
		{B9861A22-70BA-4080-BB10-9834404197E1}.Release|Any CPU.ActiveCfg = Release|Any CPU
		{B9861A22-70BA-4080-BB10-9834404197E1}.Release|Any CPU.Build.0 = Release|Any CPU
		{B9861A22-70BA-4080-BB10-9834404197E1}.Release|ARM.ActiveCfg = Release|Any CPU
		{B9861A22-70BA-4080-BB10-9834404197E1}.Release|ARM.Build.0 = Release|Any CPU
		{B9861A22-70BA-4080-BB10-9834404197E1}.Release|ARM64.ActiveCfg = Release|Any CPU
		{B9861A22-70BA-4080-BB10-9834404197E1}.Release|ARM64.Build.0 = Release|Any CPU
		{B9861A22-70BA-4080-BB10-9834404197E1}.Release|x64.ActiveCfg = Release|Any CPU
		{B9861A22-70BA-4080-BB10-9834404197E1}.Release|x64.Build.0 = Release|Any CPU
		{B9861A22-70BA-4080-BB10-9834404197E1}.Release|x86.ActiveCfg = Release|Any CPU
		{B9861A22-70BA-4080-BB10-9834404197E1}.Release|x86.Build.0 = Release|Any CPU
		{162F5313-7872-496C-A4F9-E4A419D7222F}.Debug|Any CPU.ActiveCfg = Debug|Any CPU
		{162F5313-7872-496C-A4F9-E4A419D7222F}.Debug|Any CPU.Build.0 = Debug|Any CPU
		{162F5313-7872-496C-A4F9-E4A419D7222F}.Debug|ARM.ActiveCfg = Debug|Any CPU
		{162F5313-7872-496C-A4F9-E4A419D7222F}.Debug|ARM.Build.0 = Debug|Any CPU
		{162F5313-7872-496C-A4F9-E4A419D7222F}.Debug|ARM64.ActiveCfg = Debug|Any CPU
		{162F5313-7872-496C-A4F9-E4A419D7222F}.Debug|ARM64.Build.0 = Debug|Any CPU
		{162F5313-7872-496C-A4F9-E4A419D7222F}.Debug|x64.ActiveCfg = Debug|Any CPU
		{162F5313-7872-496C-A4F9-E4A419D7222F}.Debug|x64.Build.0 = Debug|Any CPU
		{162F5313-7872-496C-A4F9-E4A419D7222F}.Debug|x86.ActiveCfg = Debug|Any CPU
		{162F5313-7872-496C-A4F9-E4A419D7222F}.Debug|x86.Build.0 = Debug|Any CPU
		{162F5313-7872-496C-A4F9-E4A419D7222F}.Release|Any CPU.ActiveCfg = Release|Any CPU
		{162F5313-7872-496C-A4F9-E4A419D7222F}.Release|Any CPU.Build.0 = Release|Any CPU
		{162F5313-7872-496C-A4F9-E4A419D7222F}.Release|ARM.ActiveCfg = Release|Any CPU
		{162F5313-7872-496C-A4F9-E4A419D7222F}.Release|ARM.Build.0 = Release|Any CPU
		{162F5313-7872-496C-A4F9-E4A419D7222F}.Release|ARM64.ActiveCfg = Release|Any CPU
		{162F5313-7872-496C-A4F9-E4A419D7222F}.Release|ARM64.Build.0 = Release|Any CPU
		{162F5313-7872-496C-A4F9-E4A419D7222F}.Release|x64.ActiveCfg = Release|Any CPU
		{162F5313-7872-496C-A4F9-E4A419D7222F}.Release|x64.Build.0 = Release|Any CPU
		{162F5313-7872-496C-A4F9-E4A419D7222F}.Release|x86.ActiveCfg = Release|Any CPU
		{162F5313-7872-496C-A4F9-E4A419D7222F}.Release|x86.Build.0 = Release|Any CPU
		{CA31F925-A5C1-4E4B-8654-233EE42693AE}.Debug|Any CPU.ActiveCfg = Debug|Any CPU
		{CA31F925-A5C1-4E4B-8654-233EE42693AE}.Debug|Any CPU.Build.0 = Debug|Any CPU
		{CA31F925-A5C1-4E4B-8654-233EE42693AE}.Debug|ARM.ActiveCfg = Debug|Any CPU
		{CA31F925-A5C1-4E4B-8654-233EE42693AE}.Debug|ARM.Build.0 = Debug|Any CPU
		{CA31F925-A5C1-4E4B-8654-233EE42693AE}.Debug|ARM64.ActiveCfg = Debug|Any CPU
		{CA31F925-A5C1-4E4B-8654-233EE42693AE}.Debug|ARM64.Build.0 = Debug|Any CPU
		{CA31F925-A5C1-4E4B-8654-233EE42693AE}.Debug|x64.ActiveCfg = Debug|Any CPU
		{CA31F925-A5C1-4E4B-8654-233EE42693AE}.Debug|x64.Build.0 = Debug|Any CPU
		{CA31F925-A5C1-4E4B-8654-233EE42693AE}.Debug|x86.ActiveCfg = Debug|Any CPU
		{CA31F925-A5C1-4E4B-8654-233EE42693AE}.Debug|x86.Build.0 = Debug|Any CPU
		{CA31F925-A5C1-4E4B-8654-233EE42693AE}.Release|Any CPU.ActiveCfg = Release|Any CPU
		{CA31F925-A5C1-4E4B-8654-233EE42693AE}.Release|Any CPU.Build.0 = Release|Any CPU
		{CA31F925-A5C1-4E4B-8654-233EE42693AE}.Release|ARM.ActiveCfg = Release|Any CPU
		{CA31F925-A5C1-4E4B-8654-233EE42693AE}.Release|ARM.Build.0 = Release|Any CPU
		{CA31F925-A5C1-4E4B-8654-233EE42693AE}.Release|ARM64.ActiveCfg = Release|Any CPU
		{CA31F925-A5C1-4E4B-8654-233EE42693AE}.Release|ARM64.Build.0 = Release|Any CPU
		{CA31F925-A5C1-4E4B-8654-233EE42693AE}.Release|x64.ActiveCfg = Release|Any CPU
		{CA31F925-A5C1-4E4B-8654-233EE42693AE}.Release|x64.Build.0 = Release|Any CPU
		{CA31F925-A5C1-4E4B-8654-233EE42693AE}.Release|x86.ActiveCfg = Release|Any CPU
		{CA31F925-A5C1-4E4B-8654-233EE42693AE}.Release|x86.Build.0 = Release|Any CPU
		{47F80006-27E0-4BC3-87AF-5C395C5F7952}.Debug|Any CPU.ActiveCfg = Debug|Any CPU
		{47F80006-27E0-4BC3-87AF-5C395C5F7952}.Debug|Any CPU.Build.0 = Debug|Any CPU
		{47F80006-27E0-4BC3-87AF-5C395C5F7952}.Debug|ARM.ActiveCfg = Debug|Any CPU
		{47F80006-27E0-4BC3-87AF-5C395C5F7952}.Debug|ARM.Build.0 = Debug|Any CPU
		{47F80006-27E0-4BC3-87AF-5C395C5F7952}.Debug|ARM64.ActiveCfg = Debug|Any CPU
		{47F80006-27E0-4BC3-87AF-5C395C5F7952}.Debug|ARM64.Build.0 = Debug|Any CPU
		{47F80006-27E0-4BC3-87AF-5C395C5F7952}.Debug|x64.ActiveCfg = Debug|Any CPU
		{47F80006-27E0-4BC3-87AF-5C395C5F7952}.Debug|x64.Build.0 = Debug|Any CPU
		{47F80006-27E0-4BC3-87AF-5C395C5F7952}.Debug|x86.ActiveCfg = Debug|Any CPU
		{47F80006-27E0-4BC3-87AF-5C395C5F7952}.Debug|x86.Build.0 = Debug|Any CPU
		{47F80006-27E0-4BC3-87AF-5C395C5F7952}.Release|Any CPU.ActiveCfg = Release|Any CPU
		{47F80006-27E0-4BC3-87AF-5C395C5F7952}.Release|Any CPU.Build.0 = Release|Any CPU
		{47F80006-27E0-4BC3-87AF-5C395C5F7952}.Release|ARM.ActiveCfg = Release|Any CPU
		{47F80006-27E0-4BC3-87AF-5C395C5F7952}.Release|ARM.Build.0 = Release|Any CPU
		{47F80006-27E0-4BC3-87AF-5C395C5F7952}.Release|ARM64.ActiveCfg = Release|Any CPU
		{47F80006-27E0-4BC3-87AF-5C395C5F7952}.Release|ARM64.Build.0 = Release|Any CPU
		{47F80006-27E0-4BC3-87AF-5C395C5F7952}.Release|x64.ActiveCfg = Release|Any CPU
		{47F80006-27E0-4BC3-87AF-5C395C5F7952}.Release|x64.Build.0 = Release|Any CPU
		{47F80006-27E0-4BC3-87AF-5C395C5F7952}.Release|x86.ActiveCfg = Release|Any CPU
		{47F80006-27E0-4BC3-87AF-5C395C5F7952}.Release|x86.Build.0 = Release|Any CPU
		{97EFAA18-890D-49AB-962C-2B081A1028E2}.Debug|Any CPU.ActiveCfg = Debug|Any CPU
		{97EFAA18-890D-49AB-962C-2B081A1028E2}.Debug|Any CPU.Build.0 = Debug|Any CPU
		{97EFAA18-890D-49AB-962C-2B081A1028E2}.Debug|ARM.ActiveCfg = Debug|Any CPU
		{97EFAA18-890D-49AB-962C-2B081A1028E2}.Debug|ARM.Build.0 = Debug|Any CPU
		{97EFAA18-890D-49AB-962C-2B081A1028E2}.Debug|ARM64.ActiveCfg = Debug|Any CPU
		{97EFAA18-890D-49AB-962C-2B081A1028E2}.Debug|ARM64.Build.0 = Debug|Any CPU
		{97EFAA18-890D-49AB-962C-2B081A1028E2}.Debug|x64.ActiveCfg = Debug|Any CPU
		{97EFAA18-890D-49AB-962C-2B081A1028E2}.Debug|x64.Build.0 = Debug|Any CPU
		{97EFAA18-890D-49AB-962C-2B081A1028E2}.Debug|x86.ActiveCfg = Debug|Any CPU
		{97EFAA18-890D-49AB-962C-2B081A1028E2}.Debug|x86.Build.0 = Debug|Any CPU
		{97EFAA18-890D-49AB-962C-2B081A1028E2}.Release|Any CPU.ActiveCfg = Release|Any CPU
		{97EFAA18-890D-49AB-962C-2B081A1028E2}.Release|Any CPU.Build.0 = Release|Any CPU
		{97EFAA18-890D-49AB-962C-2B081A1028E2}.Release|ARM.ActiveCfg = Release|Any CPU
		{97EFAA18-890D-49AB-962C-2B081A1028E2}.Release|ARM.Build.0 = Release|Any CPU
		{97EFAA18-890D-49AB-962C-2B081A1028E2}.Release|ARM64.ActiveCfg = Release|Any CPU
		{97EFAA18-890D-49AB-962C-2B081A1028E2}.Release|ARM64.Build.0 = Release|Any CPU
		{97EFAA18-890D-49AB-962C-2B081A1028E2}.Release|x64.ActiveCfg = Release|Any CPU
		{97EFAA18-890D-49AB-962C-2B081A1028E2}.Release|x64.Build.0 = Release|Any CPU
		{97EFAA18-890D-49AB-962C-2B081A1028E2}.Release|x86.ActiveCfg = Release|Any CPU
		{97EFAA18-890D-49AB-962C-2B081A1028E2}.Release|x86.Build.0 = Release|Any CPU
		{584E7EE5-3913-4748-8ABC-E7E09019BAF6}.Debug|Any CPU.ActiveCfg = Debug|Any CPU
		{584E7EE5-3913-4748-8ABC-E7E09019BAF6}.Debug|Any CPU.Build.0 = Debug|Any CPU
		{584E7EE5-3913-4748-8ABC-E7E09019BAF6}.Debug|ARM.ActiveCfg = Debug|Any CPU
		{584E7EE5-3913-4748-8ABC-E7E09019BAF6}.Debug|ARM.Build.0 = Debug|Any CPU
		{584E7EE5-3913-4748-8ABC-E7E09019BAF6}.Debug|ARM64.ActiveCfg = Debug|Any CPU
		{584E7EE5-3913-4748-8ABC-E7E09019BAF6}.Debug|ARM64.Build.0 = Debug|Any CPU
		{584E7EE5-3913-4748-8ABC-E7E09019BAF6}.Debug|x64.ActiveCfg = Debug|Any CPU
		{584E7EE5-3913-4748-8ABC-E7E09019BAF6}.Debug|x64.Build.0 = Debug|Any CPU
		{584E7EE5-3913-4748-8ABC-E7E09019BAF6}.Debug|x86.ActiveCfg = Debug|Any CPU
		{584E7EE5-3913-4748-8ABC-E7E09019BAF6}.Debug|x86.Build.0 = Debug|Any CPU
		{584E7EE5-3913-4748-8ABC-E7E09019BAF6}.Release|Any CPU.ActiveCfg = Release|Any CPU
		{584E7EE5-3913-4748-8ABC-E7E09019BAF6}.Release|Any CPU.Build.0 = Release|Any CPU
		{584E7EE5-3913-4748-8ABC-E7E09019BAF6}.Release|ARM.ActiveCfg = Release|Any CPU
		{584E7EE5-3913-4748-8ABC-E7E09019BAF6}.Release|ARM.Build.0 = Release|Any CPU
		{584E7EE5-3913-4748-8ABC-E7E09019BAF6}.Release|ARM64.ActiveCfg = Release|Any CPU
		{584E7EE5-3913-4748-8ABC-E7E09019BAF6}.Release|ARM64.Build.0 = Release|Any CPU
		{584E7EE5-3913-4748-8ABC-E7E09019BAF6}.Release|x64.ActiveCfg = Release|Any CPU
		{584E7EE5-3913-4748-8ABC-E7E09019BAF6}.Release|x64.Build.0 = Release|Any CPU
		{584E7EE5-3913-4748-8ABC-E7E09019BAF6}.Release|x86.ActiveCfg = Release|Any CPU
		{584E7EE5-3913-4748-8ABC-E7E09019BAF6}.Release|x86.Build.0 = Release|Any CPU
		{E6902AFE-DB54-4DDB-AF1C-9ED544A3C192}.Debug|Any CPU.ActiveCfg = Debug|Any CPU
		{E6902AFE-DB54-4DDB-AF1C-9ED544A3C192}.Debug|Any CPU.Build.0 = Debug|Any CPU
		{E6902AFE-DB54-4DDB-AF1C-9ED544A3C192}.Debug|ARM.ActiveCfg = Debug|Any CPU
		{E6902AFE-DB54-4DDB-AF1C-9ED544A3C192}.Debug|ARM.Build.0 = Debug|Any CPU
		{E6902AFE-DB54-4DDB-AF1C-9ED544A3C192}.Debug|ARM64.ActiveCfg = Debug|Any CPU
		{E6902AFE-DB54-4DDB-AF1C-9ED544A3C192}.Debug|ARM64.Build.0 = Debug|Any CPU
		{E6902AFE-DB54-4DDB-AF1C-9ED544A3C192}.Debug|x64.ActiveCfg = Debug|Any CPU
		{E6902AFE-DB54-4DDB-AF1C-9ED544A3C192}.Debug|x64.Build.0 = Debug|Any CPU
		{E6902AFE-DB54-4DDB-AF1C-9ED544A3C192}.Debug|x86.ActiveCfg = Debug|Any CPU
		{E6902AFE-DB54-4DDB-AF1C-9ED544A3C192}.Debug|x86.Build.0 = Debug|Any CPU
		{E6902AFE-DB54-4DDB-AF1C-9ED544A3C192}.Release|Any CPU.ActiveCfg = Release|Any CPU
		{E6902AFE-DB54-4DDB-AF1C-9ED544A3C192}.Release|Any CPU.Build.0 = Release|Any CPU
		{E6902AFE-DB54-4DDB-AF1C-9ED544A3C192}.Release|ARM.ActiveCfg = Release|Any CPU
		{E6902AFE-DB54-4DDB-AF1C-9ED544A3C192}.Release|ARM.Build.0 = Release|Any CPU
		{E6902AFE-DB54-4DDB-AF1C-9ED544A3C192}.Release|ARM64.ActiveCfg = Release|Any CPU
		{E6902AFE-DB54-4DDB-AF1C-9ED544A3C192}.Release|ARM64.Build.0 = Release|Any CPU
		{E6902AFE-DB54-4DDB-AF1C-9ED544A3C192}.Release|x64.ActiveCfg = Release|Any CPU
		{E6902AFE-DB54-4DDB-AF1C-9ED544A3C192}.Release|x64.Build.0 = Release|Any CPU
		{E6902AFE-DB54-4DDB-AF1C-9ED544A3C192}.Release|x86.ActiveCfg = Release|Any CPU
		{E6902AFE-DB54-4DDB-AF1C-9ED544A3C192}.Release|x86.Build.0 = Release|Any CPU
		{7EC5010D-673F-48A8-947C-1F59DD41E636}.Debug|Any CPU.ActiveCfg = Debug|Any CPU
		{7EC5010D-673F-48A8-947C-1F59DD41E636}.Debug|Any CPU.Build.0 = Debug|Any CPU
		{7EC5010D-673F-48A8-947C-1F59DD41E636}.Debug|ARM.ActiveCfg = Debug|Any CPU
		{7EC5010D-673F-48A8-947C-1F59DD41E636}.Debug|ARM.Build.0 = Debug|Any CPU
		{7EC5010D-673F-48A8-947C-1F59DD41E636}.Debug|ARM64.ActiveCfg = Debug|Any CPU
		{7EC5010D-673F-48A8-947C-1F59DD41E636}.Debug|ARM64.Build.0 = Debug|Any CPU
		{7EC5010D-673F-48A8-947C-1F59DD41E636}.Debug|x64.ActiveCfg = Debug|Any CPU
		{7EC5010D-673F-48A8-947C-1F59DD41E636}.Debug|x64.Build.0 = Debug|Any CPU
		{7EC5010D-673F-48A8-947C-1F59DD41E636}.Debug|x86.ActiveCfg = Debug|Any CPU
		{7EC5010D-673F-48A8-947C-1F59DD41E636}.Debug|x86.Build.0 = Debug|Any CPU
		{7EC5010D-673F-48A8-947C-1F59DD41E636}.Release|Any CPU.ActiveCfg = Release|Any CPU
		{7EC5010D-673F-48A8-947C-1F59DD41E636}.Release|Any CPU.Build.0 = Release|Any CPU
		{7EC5010D-673F-48A8-947C-1F59DD41E636}.Release|ARM.ActiveCfg = Release|Any CPU
		{7EC5010D-673F-48A8-947C-1F59DD41E636}.Release|ARM.Build.0 = Release|Any CPU
		{7EC5010D-673F-48A8-947C-1F59DD41E636}.Release|ARM64.ActiveCfg = Release|Any CPU
		{7EC5010D-673F-48A8-947C-1F59DD41E636}.Release|ARM64.Build.0 = Release|Any CPU
		{7EC5010D-673F-48A8-947C-1F59DD41E636}.Release|x64.ActiveCfg = Release|Any CPU
		{7EC5010D-673F-48A8-947C-1F59DD41E636}.Release|x64.Build.0 = Release|Any CPU
		{7EC5010D-673F-48A8-947C-1F59DD41E636}.Release|x86.ActiveCfg = Release|Any CPU
		{7EC5010D-673F-48A8-947C-1F59DD41E636}.Release|x86.Build.0 = Release|Any CPU
		{888F66B8-1A9E-4AC6-8679-8F84ECA0B2F5}.Debug|Any CPU.ActiveCfg = Debug|Any CPU
		{888F66B8-1A9E-4AC6-8679-8F84ECA0B2F5}.Debug|Any CPU.Build.0 = Debug|Any CPU
		{888F66B8-1A9E-4AC6-8679-8F84ECA0B2F5}.Debug|ARM.ActiveCfg = Debug|Any CPU
		{888F66B8-1A9E-4AC6-8679-8F84ECA0B2F5}.Debug|ARM.Build.0 = Debug|Any CPU
		{888F66B8-1A9E-4AC6-8679-8F84ECA0B2F5}.Debug|ARM64.ActiveCfg = Debug|Any CPU
		{888F66B8-1A9E-4AC6-8679-8F84ECA0B2F5}.Debug|ARM64.Build.0 = Debug|Any CPU
		{888F66B8-1A9E-4AC6-8679-8F84ECA0B2F5}.Debug|x64.ActiveCfg = Debug|Any CPU
		{888F66B8-1A9E-4AC6-8679-8F84ECA0B2F5}.Debug|x64.Build.0 = Debug|Any CPU
		{888F66B8-1A9E-4AC6-8679-8F84ECA0B2F5}.Debug|x86.ActiveCfg = Debug|Any CPU
		{888F66B8-1A9E-4AC6-8679-8F84ECA0B2F5}.Debug|x86.Build.0 = Debug|Any CPU
		{888F66B8-1A9E-4AC6-8679-8F84ECA0B2F5}.Release|Any CPU.ActiveCfg = Release|Any CPU
		{888F66B8-1A9E-4AC6-8679-8F84ECA0B2F5}.Release|Any CPU.Build.0 = Release|Any CPU
		{888F66B8-1A9E-4AC6-8679-8F84ECA0B2F5}.Release|ARM.ActiveCfg = Release|Any CPU
		{888F66B8-1A9E-4AC6-8679-8F84ECA0B2F5}.Release|ARM.Build.0 = Release|Any CPU
		{888F66B8-1A9E-4AC6-8679-8F84ECA0B2F5}.Release|ARM64.ActiveCfg = Release|Any CPU
		{888F66B8-1A9E-4AC6-8679-8F84ECA0B2F5}.Release|ARM64.Build.0 = Release|Any CPU
		{888F66B8-1A9E-4AC6-8679-8F84ECA0B2F5}.Release|x64.ActiveCfg = Release|Any CPU
		{888F66B8-1A9E-4AC6-8679-8F84ECA0B2F5}.Release|x64.Build.0 = Release|Any CPU
		{888F66B8-1A9E-4AC6-8679-8F84ECA0B2F5}.Release|x86.ActiveCfg = Release|Any CPU
		{888F66B8-1A9E-4AC6-8679-8F84ECA0B2F5}.Release|x86.Build.0 = Release|Any CPU
		{288C058D-FF87-455D-B28D-9C8B21DA3E71}.Debug|Any CPU.ActiveCfg = Debug|Any CPU
		{288C058D-FF87-455D-B28D-9C8B21DA3E71}.Debug|Any CPU.Build.0 = Debug|Any CPU
		{288C058D-FF87-455D-B28D-9C8B21DA3E71}.Debug|ARM.ActiveCfg = Debug|Any CPU
		{288C058D-FF87-455D-B28D-9C8B21DA3E71}.Debug|ARM.Build.0 = Debug|Any CPU
		{288C058D-FF87-455D-B28D-9C8B21DA3E71}.Debug|ARM64.ActiveCfg = Debug|Any CPU
		{288C058D-FF87-455D-B28D-9C8B21DA3E71}.Debug|ARM64.Build.0 = Debug|Any CPU
		{288C058D-FF87-455D-B28D-9C8B21DA3E71}.Debug|x64.ActiveCfg = Debug|Any CPU
		{288C058D-FF87-455D-B28D-9C8B21DA3E71}.Debug|x64.Build.0 = Debug|Any CPU
		{288C058D-FF87-455D-B28D-9C8B21DA3E71}.Debug|x86.ActiveCfg = Debug|Any CPU
		{288C058D-FF87-455D-B28D-9C8B21DA3E71}.Debug|x86.Build.0 = Debug|Any CPU
		{288C058D-FF87-455D-B28D-9C8B21DA3E71}.Release|Any CPU.ActiveCfg = Release|Any CPU
		{288C058D-FF87-455D-B28D-9C8B21DA3E71}.Release|Any CPU.Build.0 = Release|Any CPU
		{288C058D-FF87-455D-B28D-9C8B21DA3E71}.Release|ARM.ActiveCfg = Release|Any CPU
		{288C058D-FF87-455D-B28D-9C8B21DA3E71}.Release|ARM.Build.0 = Release|Any CPU
		{288C058D-FF87-455D-B28D-9C8B21DA3E71}.Release|ARM64.ActiveCfg = Release|Any CPU
		{288C058D-FF87-455D-B28D-9C8B21DA3E71}.Release|ARM64.Build.0 = Release|Any CPU
		{288C058D-FF87-455D-B28D-9C8B21DA3E71}.Release|x64.ActiveCfg = Release|Any CPU
		{288C058D-FF87-455D-B28D-9C8B21DA3E71}.Release|x64.Build.0 = Release|Any CPU
		{288C058D-FF87-455D-B28D-9C8B21DA3E71}.Release|x86.ActiveCfg = Release|Any CPU
		{288C058D-FF87-455D-B28D-9C8B21DA3E71}.Release|x86.Build.0 = Release|Any CPU
		{B24A3AB2-718D-4AB4-8287-658CC15BAEEA}.Debug|Any CPU.ActiveCfg = Debug|Any CPU
		{B24A3AB2-718D-4AB4-8287-658CC15BAEEA}.Debug|Any CPU.Build.0 = Debug|Any CPU
		{B24A3AB2-718D-4AB4-8287-658CC15BAEEA}.Debug|ARM.ActiveCfg = Debug|Any CPU
		{B24A3AB2-718D-4AB4-8287-658CC15BAEEA}.Debug|ARM.Build.0 = Debug|Any CPU
		{B24A3AB2-718D-4AB4-8287-658CC15BAEEA}.Debug|ARM64.ActiveCfg = Debug|Any CPU
		{B24A3AB2-718D-4AB4-8287-658CC15BAEEA}.Debug|ARM64.Build.0 = Debug|Any CPU
		{B24A3AB2-718D-4AB4-8287-658CC15BAEEA}.Debug|x64.ActiveCfg = Debug|Any CPU
		{B24A3AB2-718D-4AB4-8287-658CC15BAEEA}.Debug|x64.Build.0 = Debug|Any CPU
		{B24A3AB2-718D-4AB4-8287-658CC15BAEEA}.Debug|x86.ActiveCfg = Debug|Any CPU
		{B24A3AB2-718D-4AB4-8287-658CC15BAEEA}.Debug|x86.Build.0 = Debug|Any CPU
		{B24A3AB2-718D-4AB4-8287-658CC15BAEEA}.Release|Any CPU.ActiveCfg = Release|Any CPU
		{B24A3AB2-718D-4AB4-8287-658CC15BAEEA}.Release|Any CPU.Build.0 = Release|Any CPU
		{B24A3AB2-718D-4AB4-8287-658CC15BAEEA}.Release|ARM.ActiveCfg = Release|Any CPU
		{B24A3AB2-718D-4AB4-8287-658CC15BAEEA}.Release|ARM.Build.0 = Release|Any CPU
		{B24A3AB2-718D-4AB4-8287-658CC15BAEEA}.Release|ARM64.ActiveCfg = Release|Any CPU
		{B24A3AB2-718D-4AB4-8287-658CC15BAEEA}.Release|ARM64.Build.0 = Release|Any CPU
		{B24A3AB2-718D-4AB4-8287-658CC15BAEEA}.Release|x64.ActiveCfg = Release|Any CPU
		{B24A3AB2-718D-4AB4-8287-658CC15BAEEA}.Release|x64.Build.0 = Release|Any CPU
		{B24A3AB2-718D-4AB4-8287-658CC15BAEEA}.Release|x86.ActiveCfg = Release|Any CPU
		{B24A3AB2-718D-4AB4-8287-658CC15BAEEA}.Release|x86.Build.0 = Release|Any CPU
		{51654041-62DC-43BB-95D9-46E72DD1E1ED}.Debug|Any CPU.ActiveCfg = Debug|Any CPU
		{51654041-62DC-43BB-95D9-46E72DD1E1ED}.Debug|Any CPU.Build.0 = Debug|Any CPU
		{51654041-62DC-43BB-95D9-46E72DD1E1ED}.Debug|ARM.ActiveCfg = Debug|Any CPU
		{51654041-62DC-43BB-95D9-46E72DD1E1ED}.Debug|ARM.Build.0 = Debug|Any CPU
		{51654041-62DC-43BB-95D9-46E72DD1E1ED}.Debug|ARM64.ActiveCfg = Debug|Any CPU
		{51654041-62DC-43BB-95D9-46E72DD1E1ED}.Debug|ARM64.Build.0 = Debug|Any CPU
		{51654041-62DC-43BB-95D9-46E72DD1E1ED}.Debug|x64.ActiveCfg = Debug|Any CPU
		{51654041-62DC-43BB-95D9-46E72DD1E1ED}.Debug|x64.Build.0 = Debug|Any CPU
		{51654041-62DC-43BB-95D9-46E72DD1E1ED}.Debug|x86.ActiveCfg = Debug|Any CPU
		{51654041-62DC-43BB-95D9-46E72DD1E1ED}.Debug|x86.Build.0 = Debug|Any CPU
		{51654041-62DC-43BB-95D9-46E72DD1E1ED}.Release|Any CPU.ActiveCfg = Release|Any CPU
		{51654041-62DC-43BB-95D9-46E72DD1E1ED}.Release|Any CPU.Build.0 = Release|Any CPU
		{51654041-62DC-43BB-95D9-46E72DD1E1ED}.Release|ARM.ActiveCfg = Release|Any CPU
		{51654041-62DC-43BB-95D9-46E72DD1E1ED}.Release|ARM.Build.0 = Release|Any CPU
		{51654041-62DC-43BB-95D9-46E72DD1E1ED}.Release|ARM64.ActiveCfg = Release|Any CPU
		{51654041-62DC-43BB-95D9-46E72DD1E1ED}.Release|ARM64.Build.0 = Release|Any CPU
		{51654041-62DC-43BB-95D9-46E72DD1E1ED}.Release|x64.ActiveCfg = Release|Any CPU
		{51654041-62DC-43BB-95D9-46E72DD1E1ED}.Release|x64.Build.0 = Release|Any CPU
		{51654041-62DC-43BB-95D9-46E72DD1E1ED}.Release|x86.ActiveCfg = Release|Any CPU
		{51654041-62DC-43BB-95D9-46E72DD1E1ED}.Release|x86.Build.0 = Release|Any CPU
		{9DE76160-F695-4105-9016-A91A4AB6E403}.Debug|Any CPU.ActiveCfg = Debug|Any CPU
		{9DE76160-F695-4105-9016-A91A4AB6E403}.Debug|Any CPU.Build.0 = Debug|Any CPU
		{9DE76160-F695-4105-9016-A91A4AB6E403}.Debug|ARM.ActiveCfg = Debug|Any CPU
		{9DE76160-F695-4105-9016-A91A4AB6E403}.Debug|ARM.Build.0 = Debug|Any CPU
		{9DE76160-F695-4105-9016-A91A4AB6E403}.Debug|ARM64.ActiveCfg = Debug|Any CPU
		{9DE76160-F695-4105-9016-A91A4AB6E403}.Debug|ARM64.Build.0 = Debug|Any CPU
		{9DE76160-F695-4105-9016-A91A4AB6E403}.Debug|x64.ActiveCfg = Debug|Any CPU
		{9DE76160-F695-4105-9016-A91A4AB6E403}.Debug|x64.Build.0 = Debug|Any CPU
		{9DE76160-F695-4105-9016-A91A4AB6E403}.Debug|x86.ActiveCfg = Debug|Any CPU
		{9DE76160-F695-4105-9016-A91A4AB6E403}.Debug|x86.Build.0 = Debug|Any CPU
		{9DE76160-F695-4105-9016-A91A4AB6E403}.Release|Any CPU.ActiveCfg = Release|Any CPU
		{9DE76160-F695-4105-9016-A91A4AB6E403}.Release|Any CPU.Build.0 = Release|Any CPU
		{9DE76160-F695-4105-9016-A91A4AB6E403}.Release|ARM.ActiveCfg = Release|Any CPU
		{9DE76160-F695-4105-9016-A91A4AB6E403}.Release|ARM.Build.0 = Release|Any CPU
		{9DE76160-F695-4105-9016-A91A4AB6E403}.Release|ARM64.ActiveCfg = Release|Any CPU
		{9DE76160-F695-4105-9016-A91A4AB6E403}.Release|ARM64.Build.0 = Release|Any CPU
		{9DE76160-F695-4105-9016-A91A4AB6E403}.Release|x64.ActiveCfg = Release|Any CPU
		{9DE76160-F695-4105-9016-A91A4AB6E403}.Release|x64.Build.0 = Release|Any CPU
		{9DE76160-F695-4105-9016-A91A4AB6E403}.Release|x86.ActiveCfg = Release|Any CPU
		{9DE76160-F695-4105-9016-A91A4AB6E403}.Release|x86.Build.0 = Release|Any CPU
		{08F38165-7A0C-41EB-9E40-F5C967139B0E}.Debug|Any CPU.ActiveCfg = Debug|Any CPU
		{08F38165-7A0C-41EB-9E40-F5C967139B0E}.Debug|Any CPU.Build.0 = Debug|Any CPU
		{08F38165-7A0C-41EB-9E40-F5C967139B0E}.Debug|ARM.ActiveCfg = Debug|Any CPU
		{08F38165-7A0C-41EB-9E40-F5C967139B0E}.Debug|ARM.Build.0 = Debug|Any CPU
		{08F38165-7A0C-41EB-9E40-F5C967139B0E}.Debug|ARM64.ActiveCfg = Debug|Any CPU
		{08F38165-7A0C-41EB-9E40-F5C967139B0E}.Debug|ARM64.Build.0 = Debug|Any CPU
		{08F38165-7A0C-41EB-9E40-F5C967139B0E}.Debug|x64.ActiveCfg = Debug|Any CPU
		{08F38165-7A0C-41EB-9E40-F5C967139B0E}.Debug|x64.Build.0 = Debug|Any CPU
		{08F38165-7A0C-41EB-9E40-F5C967139B0E}.Debug|x86.ActiveCfg = Debug|Any CPU
		{08F38165-7A0C-41EB-9E40-F5C967139B0E}.Debug|x86.Build.0 = Debug|Any CPU
		{08F38165-7A0C-41EB-9E40-F5C967139B0E}.Release|Any CPU.ActiveCfg = Release|Any CPU
		{08F38165-7A0C-41EB-9E40-F5C967139B0E}.Release|Any CPU.Build.0 = Release|Any CPU
		{08F38165-7A0C-41EB-9E40-F5C967139B0E}.Release|ARM.ActiveCfg = Release|Any CPU
		{08F38165-7A0C-41EB-9E40-F5C967139B0E}.Release|ARM.Build.0 = Release|Any CPU
		{08F38165-7A0C-41EB-9E40-F5C967139B0E}.Release|ARM64.ActiveCfg = Release|Any CPU
		{08F38165-7A0C-41EB-9E40-F5C967139B0E}.Release|ARM64.Build.0 = Release|Any CPU
		{08F38165-7A0C-41EB-9E40-F5C967139B0E}.Release|x64.ActiveCfg = Release|Any CPU
		{08F38165-7A0C-41EB-9E40-F5C967139B0E}.Release|x64.Build.0 = Release|Any CPU
		{08F38165-7A0C-41EB-9E40-F5C967139B0E}.Release|x86.ActiveCfg = Release|Any CPU
		{08F38165-7A0C-41EB-9E40-F5C967139B0E}.Release|x86.Build.0 = Release|Any CPU
		{73A2499B-6B87-48A1-B66F-1ED2A5E138C9}.Debug|Any CPU.ActiveCfg = Debug|Any CPU
		{73A2499B-6B87-48A1-B66F-1ED2A5E138C9}.Debug|Any CPU.Build.0 = Debug|Any CPU
		{73A2499B-6B87-48A1-B66F-1ED2A5E138C9}.Debug|ARM.ActiveCfg = Debug|Any CPU
		{73A2499B-6B87-48A1-B66F-1ED2A5E138C9}.Debug|ARM.Build.0 = Debug|Any CPU
		{73A2499B-6B87-48A1-B66F-1ED2A5E138C9}.Debug|ARM64.ActiveCfg = Debug|Any CPU
		{73A2499B-6B87-48A1-B66F-1ED2A5E138C9}.Debug|ARM64.Build.0 = Debug|Any CPU
		{73A2499B-6B87-48A1-B66F-1ED2A5E138C9}.Debug|x64.ActiveCfg = Debug|Any CPU
		{73A2499B-6B87-48A1-B66F-1ED2A5E138C9}.Debug|x64.Build.0 = Debug|Any CPU
		{73A2499B-6B87-48A1-B66F-1ED2A5E138C9}.Debug|x86.ActiveCfg = Debug|Any CPU
		{73A2499B-6B87-48A1-B66F-1ED2A5E138C9}.Debug|x86.Build.0 = Debug|Any CPU
		{73A2499B-6B87-48A1-B66F-1ED2A5E138C9}.Release|Any CPU.ActiveCfg = Release|Any CPU
		{73A2499B-6B87-48A1-B66F-1ED2A5E138C9}.Release|Any CPU.Build.0 = Release|Any CPU
		{73A2499B-6B87-48A1-B66F-1ED2A5E138C9}.Release|ARM.ActiveCfg = Release|Any CPU
		{73A2499B-6B87-48A1-B66F-1ED2A5E138C9}.Release|ARM.Build.0 = Release|Any CPU
		{73A2499B-6B87-48A1-B66F-1ED2A5E138C9}.Release|ARM64.ActiveCfg = Release|Any CPU
		{73A2499B-6B87-48A1-B66F-1ED2A5E138C9}.Release|ARM64.Build.0 = Release|Any CPU
		{73A2499B-6B87-48A1-B66F-1ED2A5E138C9}.Release|x64.ActiveCfg = Release|Any CPU
		{73A2499B-6B87-48A1-B66F-1ED2A5E138C9}.Release|x64.Build.0 = Release|Any CPU
		{73A2499B-6B87-48A1-B66F-1ED2A5E138C9}.Release|x86.ActiveCfg = Release|Any CPU
		{73A2499B-6B87-48A1-B66F-1ED2A5E138C9}.Release|x86.Build.0 = Release|Any CPU
		{CAD0EDE1-D50D-46D6-8876-DA8899AC4BB2}.Debug|Any CPU.ActiveCfg = Debug|Any CPU
		{CAD0EDE1-D50D-46D6-8876-DA8899AC4BB2}.Debug|Any CPU.Build.0 = Debug|Any CPU
		{CAD0EDE1-D50D-46D6-8876-DA8899AC4BB2}.Debug|ARM.ActiveCfg = Debug|Any CPU
		{CAD0EDE1-D50D-46D6-8876-DA8899AC4BB2}.Debug|ARM.Build.0 = Debug|Any CPU
		{CAD0EDE1-D50D-46D6-8876-DA8899AC4BB2}.Debug|ARM64.ActiveCfg = Debug|Any CPU
		{CAD0EDE1-D50D-46D6-8876-DA8899AC4BB2}.Debug|ARM64.Build.0 = Debug|Any CPU
		{CAD0EDE1-D50D-46D6-8876-DA8899AC4BB2}.Debug|x64.ActiveCfg = Debug|Any CPU
		{CAD0EDE1-D50D-46D6-8876-DA8899AC4BB2}.Debug|x64.Build.0 = Debug|Any CPU
		{CAD0EDE1-D50D-46D6-8876-DA8899AC4BB2}.Debug|x86.ActiveCfg = Debug|Any CPU
		{CAD0EDE1-D50D-46D6-8876-DA8899AC4BB2}.Debug|x86.Build.0 = Debug|Any CPU
		{CAD0EDE1-D50D-46D6-8876-DA8899AC4BB2}.Release|Any CPU.ActiveCfg = Release|Any CPU
		{CAD0EDE1-D50D-46D6-8876-DA8899AC4BB2}.Release|Any CPU.Build.0 = Release|Any CPU
		{CAD0EDE1-D50D-46D6-8876-DA8899AC4BB2}.Release|ARM.ActiveCfg = Release|Any CPU
		{CAD0EDE1-D50D-46D6-8876-DA8899AC4BB2}.Release|ARM.Build.0 = Release|Any CPU
		{CAD0EDE1-D50D-46D6-8876-DA8899AC4BB2}.Release|ARM64.ActiveCfg = Release|Any CPU
		{CAD0EDE1-D50D-46D6-8876-DA8899AC4BB2}.Release|ARM64.Build.0 = Release|Any CPU
		{CAD0EDE1-D50D-46D6-8876-DA8899AC4BB2}.Release|x64.ActiveCfg = Release|Any CPU
		{CAD0EDE1-D50D-46D6-8876-DA8899AC4BB2}.Release|x64.Build.0 = Release|Any CPU
		{CAD0EDE1-D50D-46D6-8876-DA8899AC4BB2}.Release|x86.ActiveCfg = Release|Any CPU
		{CAD0EDE1-D50D-46D6-8876-DA8899AC4BB2}.Release|x86.Build.0 = Release|Any CPU
		{C8649BC5-6F57-44DB-B8BB-A8AD4DC7F226}.Debug|Any CPU.ActiveCfg = Debug|Any CPU
		{C8649BC5-6F57-44DB-B8BB-A8AD4DC7F226}.Debug|Any CPU.Build.0 = Debug|Any CPU
		{C8649BC5-6F57-44DB-B8BB-A8AD4DC7F226}.Debug|ARM.ActiveCfg = Debug|Any CPU
		{C8649BC5-6F57-44DB-B8BB-A8AD4DC7F226}.Debug|ARM.Build.0 = Debug|Any CPU
		{C8649BC5-6F57-44DB-B8BB-A8AD4DC7F226}.Debug|ARM64.ActiveCfg = Debug|Any CPU
		{C8649BC5-6F57-44DB-B8BB-A8AD4DC7F226}.Debug|ARM64.Build.0 = Debug|Any CPU
		{C8649BC5-6F57-44DB-B8BB-A8AD4DC7F226}.Debug|x64.ActiveCfg = Debug|Any CPU
		{C8649BC5-6F57-44DB-B8BB-A8AD4DC7F226}.Debug|x64.Build.0 = Debug|Any CPU
		{C8649BC5-6F57-44DB-B8BB-A8AD4DC7F226}.Debug|x86.ActiveCfg = Debug|Any CPU
		{C8649BC5-6F57-44DB-B8BB-A8AD4DC7F226}.Debug|x86.Build.0 = Debug|Any CPU
		{C8649BC5-6F57-44DB-B8BB-A8AD4DC7F226}.Release|Any CPU.ActiveCfg = Release|Any CPU
		{C8649BC5-6F57-44DB-B8BB-A8AD4DC7F226}.Release|Any CPU.Build.0 = Release|Any CPU
		{C8649BC5-6F57-44DB-B8BB-A8AD4DC7F226}.Release|ARM.ActiveCfg = Release|Any CPU
		{C8649BC5-6F57-44DB-B8BB-A8AD4DC7F226}.Release|ARM.Build.0 = Release|Any CPU
		{C8649BC5-6F57-44DB-B8BB-A8AD4DC7F226}.Release|ARM64.ActiveCfg = Release|Any CPU
		{C8649BC5-6F57-44DB-B8BB-A8AD4DC7F226}.Release|ARM64.Build.0 = Release|Any CPU
		{C8649BC5-6F57-44DB-B8BB-A8AD4DC7F226}.Release|x64.ActiveCfg = Release|Any CPU
		{C8649BC5-6F57-44DB-B8BB-A8AD4DC7F226}.Release|x64.Build.0 = Release|Any CPU
		{C8649BC5-6F57-44DB-B8BB-A8AD4DC7F226}.Release|x86.ActiveCfg = Release|Any CPU
		{C8649BC5-6F57-44DB-B8BB-A8AD4DC7F226}.Release|x86.Build.0 = Release|Any CPU
		{B5497F93-8DE4-4185-B92A-20A5E11FB967}.Debug|Any CPU.ActiveCfg = Debug|Any CPU
		{B5497F93-8DE4-4185-B92A-20A5E11FB967}.Debug|Any CPU.Build.0 = Debug|Any CPU
		{B5497F93-8DE4-4185-B92A-20A5E11FB967}.Debug|ARM.ActiveCfg = Debug|Any CPU
		{B5497F93-8DE4-4185-B92A-20A5E11FB967}.Debug|ARM.Build.0 = Debug|Any CPU
		{B5497F93-8DE4-4185-B92A-20A5E11FB967}.Debug|ARM64.ActiveCfg = Debug|Any CPU
		{B5497F93-8DE4-4185-B92A-20A5E11FB967}.Debug|ARM64.Build.0 = Debug|Any CPU
		{B5497F93-8DE4-4185-B92A-20A5E11FB967}.Debug|x64.ActiveCfg = Debug|Any CPU
		{B5497F93-8DE4-4185-B92A-20A5E11FB967}.Debug|x64.Build.0 = Debug|Any CPU
		{B5497F93-8DE4-4185-B92A-20A5E11FB967}.Debug|x86.ActiveCfg = Debug|Any CPU
		{B5497F93-8DE4-4185-B92A-20A5E11FB967}.Debug|x86.Build.0 = Debug|Any CPU
		{B5497F93-8DE4-4185-B92A-20A5E11FB967}.Release|Any CPU.ActiveCfg = Release|Any CPU
		{B5497F93-8DE4-4185-B92A-20A5E11FB967}.Release|Any CPU.Build.0 = Release|Any CPU
		{B5497F93-8DE4-4185-B92A-20A5E11FB967}.Release|ARM.ActiveCfg = Release|Any CPU
		{B5497F93-8DE4-4185-B92A-20A5E11FB967}.Release|ARM.Build.0 = Release|Any CPU
		{B5497F93-8DE4-4185-B92A-20A5E11FB967}.Release|ARM64.ActiveCfg = Release|Any CPU
		{B5497F93-8DE4-4185-B92A-20A5E11FB967}.Release|ARM64.Build.0 = Release|Any CPU
		{B5497F93-8DE4-4185-B92A-20A5E11FB967}.Release|x64.ActiveCfg = Release|Any CPU
		{B5497F93-8DE4-4185-B92A-20A5E11FB967}.Release|x64.Build.0 = Release|Any CPU
		{B5497F93-8DE4-4185-B92A-20A5E11FB967}.Release|x86.ActiveCfg = Release|Any CPU
		{B5497F93-8DE4-4185-B92A-20A5E11FB967}.Release|x86.Build.0 = Release|Any CPU
		{E079FDCA-602B-43CE-A486-34A8D13C1F44}.Debug|Any CPU.ActiveCfg = Debug|Any CPU
		{E079FDCA-602B-43CE-A486-34A8D13C1F44}.Debug|Any CPU.Build.0 = Debug|Any CPU
		{E079FDCA-602B-43CE-A486-34A8D13C1F44}.Debug|ARM.ActiveCfg = Debug|Any CPU
		{E079FDCA-602B-43CE-A486-34A8D13C1F44}.Debug|ARM.Build.0 = Debug|Any CPU
		{E079FDCA-602B-43CE-A486-34A8D13C1F44}.Debug|ARM64.ActiveCfg = Debug|Any CPU
		{E079FDCA-602B-43CE-A486-34A8D13C1F44}.Debug|ARM64.Build.0 = Debug|Any CPU
		{E079FDCA-602B-43CE-A486-34A8D13C1F44}.Debug|x64.ActiveCfg = Debug|Any CPU
		{E079FDCA-602B-43CE-A486-34A8D13C1F44}.Debug|x64.Build.0 = Debug|Any CPU
		{E079FDCA-602B-43CE-A486-34A8D13C1F44}.Debug|x86.ActiveCfg = Debug|Any CPU
		{E079FDCA-602B-43CE-A486-34A8D13C1F44}.Debug|x86.Build.0 = Debug|Any CPU
		{E079FDCA-602B-43CE-A486-34A8D13C1F44}.Release|Any CPU.ActiveCfg = Release|Any CPU
		{E079FDCA-602B-43CE-A486-34A8D13C1F44}.Release|Any CPU.Build.0 = Release|Any CPU
		{E079FDCA-602B-43CE-A486-34A8D13C1F44}.Release|ARM.ActiveCfg = Release|Any CPU
		{E079FDCA-602B-43CE-A486-34A8D13C1F44}.Release|ARM.Build.0 = Release|Any CPU
		{E079FDCA-602B-43CE-A486-34A8D13C1F44}.Release|ARM64.ActiveCfg = Release|Any CPU
		{E079FDCA-602B-43CE-A486-34A8D13C1F44}.Release|ARM64.Build.0 = Release|Any CPU
		{E079FDCA-602B-43CE-A486-34A8D13C1F44}.Release|x64.ActiveCfg = Release|Any CPU
		{E079FDCA-602B-43CE-A486-34A8D13C1F44}.Release|x64.Build.0 = Release|Any CPU
		{E079FDCA-602B-43CE-A486-34A8D13C1F44}.Release|x86.ActiveCfg = Release|Any CPU
		{E079FDCA-602B-43CE-A486-34A8D13C1F44}.Release|x86.Build.0 = Release|Any CPU
	EndGlobalSection
	GlobalSection(SolutionProperties) = preSolution
		HideSolutionNode = FALSE
	EndGlobalSection
	GlobalSection(ExtensibilityGlobals) = postSolution
		SolutionGuid = {81ACD533-EB5A-45AD-A999-EB552FB17ACD}
	EndGlobalSection
EndGlobal
